Microsoft Visual Studio Solution File, Format Version 12.00
# Visual Studio Version 17
VisualStudioVersion = 17.5.2.0
MinimumVisualStudioVersion = 10.0.40219.1
Project("{FAE04EC0-301F-11D3-BF4B-00C04F79EFBC}") = "Stackra.Backend", "Stackra.Backend\Stackra.Backend.csproj", "{4A76A974-9753-25C0-612E-0B701AEA8859}"
EndProject
Global
	GlobalSection(SolutionConfigurationPlatforms) = preSolution
		Debug|Any CPU = Debug|Any CPU
		Release|Any CPU = Release|Any CPU
	EndGlobalSection
	GlobalSection(ProjectConfigurationPlatforms) = postSolution
		{4A76A974-9753-25C0-612E-0B701AEA8859}.Debug|Any CPU.ActiveCfg = Debug|Any CPU
		{4A76A974-9753-25C0-612E-0B701AEA8859}.Debug|Any CPU.Build.0 = Debug|Any CPU
		{4A76A974-9753-25C0-612E-0B701AEA8859}.Release|Any CPU.ActiveCfg = Release|Any CPU
		{4A76A974-9753-25C0-612E-0B701AEA8859}.Release|Any CPU.Build.0 = Release|Any CPU
	EndGlobalSection
	GlobalSection(SolutionProperties) = preSolution
		HideSolutionNode = FALSE
	EndGlobalSection
	GlobalSection(ExtensibilityGlobals) = postSolution
		SolutionGuid = {DE813B45-31F2-4EF2-97E6-A8A68FC579D1}
	EndGlobalSection
EndGlobal
